
Microsoft Visual Studio Solution File, Format Version 12.00
# Visual Studio Version 17
VisualStudioVersion = 17.14.36429.23
MinimumVisualStudioVersion = 10.0.40219.1
Project("{FAE04EC0-301F-11D3-BF4B-00C04F79EFBC}") = "RestaurantAPI10", "RestaurantAPI10\RestaurantAPI10.csproj", "{4DE41DD7-AF12-45DC-800F-9C27EA3BD481}"
EndProject
Global
	GlobalSection(SolutionConfigurationPlatforms) = preSolution
		Debug|Any CPU = Debug|Any CPU
		Release|Any CPU = Release|Any CPU
	EndGlobalSection
	GlobalSection(ProjectConfigurationPlatforms) = postSolution
		{4DE41DD7-AF12-45DC-800F-9C27EA3BD481}.Debug|Any CPU.ActiveCfg = Debug|Any CPU
		{4DE41DD7-AF12-45DC-800F-9C27EA3BD481}.Debug|Any CPU.Build.0 = Debug|Any CPU
		{4DE41DD7-AF12-45DC-800F-9C27EA3BD481}.Release|Any CPU.ActiveCfg = Release|Any CPU
		{4DE41DD7-AF12-45DC-800F-9C27EA3BD481}.Release|Any CPU.Build.0 = Release|Any CPU
	EndGlobalSection
	GlobalSection(SolutionProperties) = preSolution
		HideSolutionNode = FALSE
	EndGlobalSection
	GlobalSection(ExtensibilityGlobals) = postSolution
		SolutionGuid = {1439F5D6-B463-4C08-B92F-F79B1CE4FA10}
	EndGlobalSection
EndGlobal
